
Microsoft Visual Studio Solution File, Format Version 12.00
# Visual Studio Version 17
VisualStudioVersion = 17.0.31903.59
MinimumVisualStudioVersion = 10.0.40219.1
Project("{2150E333-8FDC-42A3-9474-1A3956D46DE8}") = "Solution Items", "Solution Items", "{AFA07ADD-2631-4E37-957A-F59C58E32F2B}"
	ProjectSection(SolutionItems) = preProject
		delivery-plan.md = delivery-plan.md
		project-evaluation.md = project-evaluation.md
		README.md = README.md
		software-architecture.md = software-architecture.md
		solution-requirements.md = solution-requirements.md
		user-stories.md = user-stories.md
	EndProjectSection
EndProject
Project("{FAE04EC0-301F-11D3-BF4B-00C04F79EFBC}") = "Models", "Models\Models.csproj", "{EBEC696D-F4B5-40FE-BB2A-1B01CD9FA061}"
EndProject
Project("{2150E333-8FDC-42A3-9474-1A3956D46DE8}") = "Элементы решения", "Элементы решения", "{754FC069-D67B-A9D7-50A1-8D1CA196D8F1}"
	ProjectSection(SolutionItems) = preProject
		Directory.Build.props = Directory.Build.props
	EndProjectSection
EndProject
Project("{FAE04EC0-301F-11D3-BF4B-00C04F79EFBC}") = "WebApp", "WebApp\WebApp.csproj", "{02CB6A7F-122D-4E0F-9413-8D811325DBA6}"
EndProject
Project("{FAE04EC0-301F-11D3-BF4B-00C04F79EFBC}") = "WebApi", "WebApi\WebApi.csproj", "{BD30702F-BAA2-41DD-97D7-75C986EA09C7}"
EndProject
Global
	GlobalSection(SolutionConfigurationPlatforms) = preSolution
		Debug|Any CPU = Debug|Any CPU
		Release|Any CPU = Release|Any CPU
	EndGlobalSection
	GlobalSection(ProjectConfigurationPlatforms) = postSolution
		{EBEC696D-F4B5-40FE-BB2A-1B01CD9FA061}.Debug|Any CPU.ActiveCfg = Debug|Any CPU
		{EBEC696D-F4B5-40FE-BB2A-1B01CD9FA061}.Debug|Any CPU.Build.0 = Debug|Any CPU
		{EBEC696D-F4B5-40FE-BB2A-1B01CD9FA061}.Release|Any CPU.ActiveCfg = Release|Any CPU
		{EBEC696D-F4B5-40FE-BB2A-1B01CD9FA061}.Release|Any CPU.Build.0 = Release|Any CPU
		{02CB6A7F-122D-4E0F-9413-8D811325DBA6}.Debug|Any CPU.ActiveCfg = Debug|Any CPU
		{02CB6A7F-122D-4E0F-9413-8D811325DBA6}.Debug|Any CPU.Build.0 = Debug|Any CPU
		{02CB6A7F-122D-4E0F-9413-8D811325DBA6}.Release|Any CPU.ActiveCfg = Release|Any CPU
		{02CB6A7F-122D-4E0F-9413-8D811325DBA6}.Release|Any CPU.Build.0 = Release|Any CPU
		{BD30702F-BAA2-41DD-97D7-75C986EA09C7}.Debug|Any CPU.ActiveCfg = Debug|Any CPU
		{BD30702F-BAA2-41DD-97D7-75C986EA09C7}.Debug|Any CPU.Build.0 = Debug|Any CPU
		{BD30702F-BAA2-41DD-97D7-75C986EA09C7}.Release|Any CPU.ActiveCfg = Release|Any CPU
		{BD30702F-BAA2-41DD-97D7-75C986EA09C7}.Release|Any CPU.Build.0 = Release|Any CPU
	EndGlobalSection
	GlobalSection(SolutionProperties) = preSolution
		HideSolutionNode = FALSE
	EndGlobalSection
	GlobalSection(ExtensibilityGlobals) = postSolution
		SolutionGuid = {71075FF6-34FF-4DFB-BBA7-7654CC357608}
	EndGlobalSection
EndGlobal
